// !$*UTF8*$!
{
	archiveVersion = 1;
	classes = {
	};
	objectVersion = 46;
	objects = {

/* Begin PBXBuildFile section */
		1FF2DA3B153A71750094113D /* UIKit.framework in Frameworks */ = {isa = PBXBuildFile; fileRef = 1FF2DA3A153A71750094113D /* UIKit.framework */; };
		1FF2DA3D153A71750094113D /* Foundation.framework in Frameworks */ = {isa = PBXBuildFile; fileRef = 1FF2DA3C153A71750094113D /* Foundation.framework */; };
		1FF2DA3F153A71750094113D /* CoreGraphics.framework in Frameworks */ = {isa = PBXBuildFile; fileRef = 1FF2DA3E153A71750094113D /* CoreGraphics.framework */; };
		1FF2DA45153A71750094113D /* InfoPlist.strings in Resources */ = {isa = PBXBuildFile; fileRef = 1FF2DA43153A71750094113D /* InfoPlist.strings */; };
		1FF2DA47153A71750094113D /* main.m in Sources */ = {isa = PBXBuildFile; fileRef = 1FF2DA46153A71750094113D /* main.m */; };
		1FF2DA4B153A71750094113D /* LCTAppDelegate.m in Sources */ = {isa = PBXBuildFile; fileRef = 1FF2DA4A153A71750094113D /* LCTAppDelegate.m */; };
		1FF2DA4E153A71750094113D /* LCTViewController.m in Sources */ = {isa = PBXBuildFile; fileRef = 1FF2DA4D153A71750094113D /* LCTViewController.m */; };
		1FF2DA51153A71750094113D /* LCTViewController.xib in Resources */ = {isa = PBXBuildFile; fileRef = 1FF2DA4F153A71750094113D /* LCTViewController.xib */; };
		1FF2DA58153A71F50094113D /* MediaPlayer.framework in Frameworks */ = {isa = PBXBuildFile; fileRef = 1FF2DA57153A71F50094113D /* MediaPlayer.framework */; };
/* End PBXBuildFile section */

/* Begin PBXFileReference section */
		1FF2DA36153A71750094113D /* TitularSongs.app */ = {isa = PBXFileReference; explicitFileType = wrapper.application; includeInIndex = 0; path = TitularSongs.app; sourceTree = BUILT_PRODUCTS_DIR; };
		1FF2DA3A153A71750094113D /* UIKit.framework */ = {isa = PBXFileReference; lastKnownFileType = wrapper.framework; name = UIKit.framework; path = System/Library/Frameworks/UIKit.framework; sourceTree = SDKROOT; };
		1FF2DA3C153A71750094113D /* Foundation.framework */ = {isa = PBXFileReference; lastKnownFileType = wrapper.framework; name = Foundation.framework; path = System/Library/Frameworks/Foundation.framework; sourceTree = SDKROOT; };
		1FF2DA3E153A71750094113D /* CoreGraphics.framework */ = {isa = PBXFileReference; lastKnownFileType = wrapper.framework; name = CoreGraphics.framework; path = System/Library/Frameworks/CoreGraphics.framework; sourceTree = SDKROOT; };
		1FF2DA42153A71750094113D /* TitularSongs-Info.plist */ = {isa = PBXFileReference; lastKnownFileType = text.plist.xml; path = "TitularSongs-Info.plist"; sourceTree = "<group>"; };
		1FF2DA44153A71750094113D /* en */ = {isa = PBXFileReference; lastKnownFileType = text.plist.strings; name = en; path = en.lproj/InfoPlist.strings; sourceTree = "<group>"; };
		1FF2DA46153A71750094113D /* main.m */ = {isa = PBXFileReference; lastKnownFileType = sourcecode.c.objc; path = main.m; sourceTree = "<group>"; };
		1FF2DA48153A71750094113D /* TitularSongs-Prefix.pch */ = {isa = PBXFileReference; lastKnownFileType = sourcecode.c.h; path = "TitularSongs-Prefix.pch"; sourceTree = "<group>"; };
		1FF2DA49153A71750094113D /* LCTAppDelegate.h */ = {isa = PBXFileReference; lastKnownFileType = sourcecode.c.h; path = LCTAppDelegate.h; sourceTree = "<group>"; };
		1FF2DA4A153A71750094113D /* LCTAppDelegate.m */ = {isa = PBXFileReference; lastKnownFileType = sourcecode.c.objc; path = LCTAppDelegate.m; sourceTree = "<group>"; };
		1FF2DA4C153A71750094113D /* LCTViewController.h */ = {isa = PBXFileReference; lastKnownFileType = sourcecode.c.h; path = LCTViewController.h; sourceTree = "<group>"; };
		1FF2DA4D153A71750094113D /* LCTViewController.m */ = {isa = PBXFileReference; lastKnownFileType = sourcecode.c.objc; path = LCTViewController.m; sourceTree = "<group>"; };
		1FF2DA50153A71750094113D /* en */ = {isa = PBXFileReference; lastKnownFileType = file.xib; name = en; path = en.lproj/LCTViewController.xib; sourceTree = "<group>"; };
		1FF2DA57153A71F50094113D /* MediaPlayer.framework */ = {isa = PBXFileReference; lastKnownFileType = wrapper.framework; name = MediaPlayer.framework; path = System/Library/Frameworks/MediaPlayer.framework; sourceTree = SDKROOT; };
/* End PBXFileReference section */

/* Begin PBXFrameworksBuildPhase section */
		1FF2DA33153A71750094113D /* Frameworks */ = {
			isa = PBXFrameworksBuildPhase;
			buildActionMask = 2147483647;
			files = (
				1FF2DA3F153A71750094113D /* CoreGraphics.framework in Frameworks */,
				1FF2DA3D153A71750094113D /* Foundation.framework in Frameworks */,
				1FF2DA58153A71F50094113D /* MediaPlayer.framework in Frameworks */,
				1FF2DA3B153A71750094113D /* UIKit.framework in Frameworks */,
			);
			runOnlyForDeploymentPostprocessing = 0;
		};
/* End PBXFrameworksBuildPhase section */

/* Begin PBXGroup section */
		1FF2DA2B153A71750094113D = {
			isa = PBXGroup;
			children = (
				1FF2DA40153A71750094113D /* TitularSongs */,
				1FF2DA39153A71750094113D /* Frameworks */,
				1FF2DA37153A71750094113D /* Products */,
			);
			sourceTree = "<group>";
		};
		1FF2DA37153A71750094113D /* Products */ = {
			isa = PBXGroup;
			children = (
				1FF2DA36153A71750094113D /* TitularSongs.app */,
			);
			name = Products;
			sourceTree = "<group>";
		};
		1FF2DA39153A71750094113D /* Frameworks */ = {
			isa = PBXGroup;
			children = (
				1FF2DA3E153A71750094113D /* CoreGraphics.framework */,
				1FF2DA3C153A71750094113D /* Foundation.framework */,
				1FF2DA57153A71F50094113D /* MediaPlayer.framework */,
				1FF2DA3A153A71750094113D /* UIKit.framework */,
			);
			name = Frameworks;
			sourceTree = "<group>";
		};
		1FF2DA40153A71750094113D /* TitularSongs */ = {
			isa = PBXGroup;
			children = (
				1FF2DA49153A71750094113D /* LCTAppDelegate.h */,
				1FF2DA4A153A71750094113D /* LCTAppDelegate.m */,
				1FF2DA4C153A71750094113D /* LCTViewController.h */,
				1FF2DA4D153A71750094113D /* LCTViewController.m */,
				1FF2DA4F153A71750094113D /* LCTViewController.xib */,
				1FF2DA41153A71750094113D /* Supporting Files */,
			);
			path = TitularSongs;
			sourceTree = "<group>";
		};
		1FF2DA41153A71750094113D /* Supporting Files */ = {
			isa = PBXGroup;
			children = (
				1FF2DA42153A71750094113D /* TitularSongs-Info.plist */,
				1FF2DA43153A71750094113D /* InfoPlist.strings */,
				1FF2DA46153A71750094113D /* main.m */,
				1FF2DA48153A71750094113D /* TitularSongs-Prefix.pch */,
			);
			name = "Supporting Files";
			sourceTree = "<group>";
		};
/* End PBXGroup section */

/* Begin PBXNativeTarget section */
		1FF2DA35153A71750094113D /* TitularSongs */ = {
			isa = PBXNativeTarget;
			buildConfigurationList = 1FF2DA54153A71750094113D /* Build configuration list for PBXNativeTarget "TitularSongs" */;
			buildPhases = (
				1FF2DA32153A71750094113D /* Sources */,
				1FF2DA33153A71750094113D /* Frameworks */,
				1FF2DA34153A71750094113D /* Resources */,
			);
			buildRules = (
			);
			dependencies = (
			);
			name = TitularSongs;
			productName = TitularSongs;
			productReference = 1FF2DA36153A71750094113D /* TitularSongs.app */;
			productType = "com.apple.product-type.application";
		};
/* End PBXNativeTarget section */

/* Begin PBXProject section */
		1FF2DA2D153A71750094113D /* Project object */ = {
			isa = PBXProject;
			attributes = {
				CLASSPREFIX = LCT;
				LastUpgradeCheck = 0430;
				ORGANIZATIONNAME = "Jeff Kelley";
			};
			buildConfigurationList = 1FF2DA30153A71750094113D /* Build configuration list for PBXProject "TitularSongs" */;
			compatibilityVersion = "Xcode 3.2";
			developmentRegion = English;
			hasScannedForEncodings = 0;
			knownRegions = (
				en,
			);
			mainGroup = 1FF2DA2B153A71750094113D;
			productRefGroup = 1FF2DA37153A71750094113D /* Products */;
			projectDirPath = "";
			projectRoot = "";
			targets = (
				1FF2DA35153A71750094113D /* TitularSongs */,
			);
		};
/* End PBXProject section */

/* Begin PBXResourcesBuildPhase section */
		1FF2DA34153A71750094113D /* Resources */ = {
			isa = PBXResourcesBuildPhase;
			buildActionMask = 2147483647;
			files = (
				1FF2DA45153A71750094113D /* InfoPlist.strings in Resources */,
				1FF2DA51153A71750094113D /* LCTViewController.xib in Resources */,
			);
			runOnlyForDeploymentPostprocessing = 0;
		};
/* End PBXResourcesBuildPhase section */

/* Begin PBXSourcesBuildPhase section */
		1FF2DA32153A71750094113D /* Sources */ = {
			isa = PBXSourcesBuildPhase;
			buildActionMask = 2147483647;
			files = (
				1FF2DA47153A71750094113D /* main.m in Sources */,
				1FF2DA4B153A71750094113D /* LCTAppDelegate.m in Sources */,
				1FF2DA4E153A71750094113D /* LCTViewController.m in Sources */,
			);
			runOnlyForDeploymentPostprocessing = 0;
		};
/* End PBXSourcesBuildPhase section */

/* Begin PBXVariantGroup section */
		1FF2DA43153A71750094113D /* InfoPlist.strings */ = {
			isa = PBXVariantGroup;
			children = (
				1FF2DA44153A71750094113D /* en */,
			);
			name = InfoPlist.strings;
			sourceTree = "<group>";
		};
		1FF2DA4F153A71750094113D /* LCTViewController.xib */ = {
			isa = PBXVariantGroup;
			children = (
				1FF2DA50153A71750094113D /* en */,
			);
			name = LCTViewController.xib;
			sourceTree = "<group>";
		};
/* End PBXVariantGroup section */

/* Begin XCBuildConfiguration section */
		1FF2DA52153A71750094113D /* Debug */ = {
			isa = XCBuildConfiguration;
			buildSettings = {
				ALWAYS_SEARCH_USER_PATHS = NO;
				ARCHS = "$(ARCHS_STANDARD_32_BIT)";
				CLANG_ENABLE_OBJC_ARC = YES;
				"CODE_SIGN_IDENTITY[sdk=iphoneos*]" = "iPhone Developer";
				COPY_PHASE_STRIP = NO;
				GCC_C_LANGUAGE_STANDARD = gnu99;
				GCC_DYNAMIC_NO_PIC = NO;
				GCC_OPTIMIZATION_LEVEL = 0;
				GCC_PREPROCESSOR_DEFINITIONS = (
					"DEBUG=1",
					"$(inherited)",
				);
				GCC_SYMBOLS_PRIVATE_EXTERN = NO;
				GCC_VERSION = com.apple.compilers.llvm.clang.1_0;
				GCC_WARN_ABOUT_RETURN_TYPE = YES;
				GCC_WARN_UNINITIALIZED_AUTOS = YES;
				GCC_WARN_UNUSED_VARIABLE = YES;
				IPHONEOS_DEPLOYMENT_TARGET = 5.1;
				SDKROOT = iphoneos;
			};
			name = Debug;
		};
		1FF2DA53153A71750094113D /* Release */ = {
			isa = XCBuildConfiguration;
			buildSettings = {
				ALWAYS_SEARCH_USER_PATHS = NO;
				ARCHS = "$(ARCHS_STANDARD_32_BIT)";
				CLANG_ENABLE_OBJC_ARC = YES;
				"CODE_SIGN_IDENTITY[sdk=iphoneos*]" = "iPhone Developer";
				COPY_PHASE_STRIP = YES;
				GCC_C_LANGUAGE_STANDARD = gnu99;
				GCC_VERSION = com.apple.compilers.llvm.clang.1_0;
				GCC_WARN_ABOUT_RETURN_TYPE = YES;
				GCC_WARN_UNINITIALIZED_AUTOS = YES;
				GCC_WARN_UNUSED_VARIABLE = YES;
				IPHONEOS_DEPLOYMENT_TARGET = 5.1;
				OTHER_CFLAGS = "-DNS_BLOCK_ASSERTIONS=1";
				SDKROOT = iphoneos;
				VALIDATE_PRODUCT = YES;
			};
			name = Release;
		};
		1FF2DA55153A71750094113D /* Debug */ = {
			isa = XCBuildConfiguration;
			buildSettings = {
				GCC_PRECOMPILE_PREFIX_HEADER = YES;
				GCC_PREFIX_HEADER = "TitularSongs/TitularSongs-Prefix.pch";
				INFOPLIST_FILE = "TitularSongs/TitularSongs-Info.plist";
				PRODUCT_NAME = "$(TARGET_NAME)";
				WRAPPER_EXTENSION = app;
			};
			name = Debug;
		};
		1FF2DA56153A71750094113D /* Release */ = {
			isa = XCBuildConfiguration;
			buildSettings = {
				GCC_PRECOMPILE_PREFIX_HEADER = YES;
				GCC_PREFIX_HEADER = "TitularSongs/TitularSongs-Prefix.pch";
				INFOPLIST_FILE = "TitularSongs/TitularSongs-Info.plist";
				PRODUCT_NAME = "$(TARGET_NAME)";
				WRAPPER_EXTENSION = app;
			};
			name = Release;
		};
/* End XCBuildConfiguration section */

/* Begin XCConfigurationList section */
		1FF2DA30153A71750094113D /* Build configuration list for PBXProject "TitularSongs" */ = {
			isa = XCConfigurationList;
			buildConfigurations = (
				1FF2DA52153A71750094113D /* Debug */,
				1FF2DA53153A71750094113D /* Release */,
			);
			defaultConfigurationIsVisible = 0;
			defaultConfigurationName = Release;
		};
		1FF2DA54153A71750094113D /* Build configuration list for PBXNativeTarget "TitularSongs" */ = {
			isa = XCConfigurationList;
			buildConfigurations = (
				1FF2DA55153A71750094113D /* Debug */,
				1FF2DA56153A71750094113D /* Release */,
			);
			defaultConfigurationIsVisible = 0;
		};
/* End XCConfigurationList section */
	};
	rootObject = 1FF2DA2D153A71750094113D /* Project object */;
}
