// !$*UTF8*$!
{
	archiveVersion = 1;
	classes = {
	};
	objectVersion = 46;
	objects = {

/* Begin PBXBuildFile section */
		1F68EB4A14FC78FF00A40E39 /* UIKit.framework in Frameworks */ = {isa = PBXBuildFile; fileRef = 1F68EB4914FC78FF00A40E39 /* UIKit.framework */; };
		1F68EB4C14FC78FF00A40E39 /* Foundation.framework in Frameworks */ = {isa = PBXBuildFile; fileRef = 1F68EB4B14FC78FF00A40E39 /* Foundation.framework */; };
		1F68EB4E14FC78FF00A40E39 /* CoreGraphics.framework in Frameworks */ = {isa = PBXBuildFile; fileRef = 1F68EB4D14FC78FF00A40E39 /* CoreGraphics.framework */; };
		1F68EB5414FC78FF00A40E39 /* InfoPlist.strings in Resources */ = {isa = PBXBuildFile; fileRef = 1F68EB5214FC78FF00A40E39 /* InfoPlist.strings */; };
		1F68EB5614FC78FF00A40E39 /* main.m in Sources */ = {isa = PBXBuildFile; fileRef = 1F68EB5514FC78FF00A40E39 /* main.m */; };
		1F68EB5A14FC78FF00A40E39 /* LCTAppDelegate.m in Sources */ = {isa = PBXBuildFile; fileRef = 1F68EB5914FC78FF00A40E39 /* LCTAppDelegate.m */; };
		1F68EB6114FC79EC00A40E39 /* Accounts.framework in Frameworks */ = {isa = PBXBuildFile; fileRef = 1F68EB6014FC79EC00A40E39 /* Accounts.framework */; };
		1F68EB6314FC79F100A40E39 /* Twitter.framework in Frameworks */ = {isa = PBXBuildFile; fileRef = 1F68EB6214FC79F100A40E39 /* Twitter.framework */; };
		1F68EB6614FC9B0B00A40E39 /* LCTTwitterController.m in Sources */ = {isa = PBXBuildFile; fileRef = 1F68EB6514FC9B0B00A40E39 /* LCTTwitterController.m */; };
		1F68EBB114FCAAC700A40E39 /* LCTTimelineViewController.m in Sources */ = {isa = PBXBuildFile; fileRef = 1F68EBB014FCAAC700A40E39 /* LCTTimelineViewController.m */; };
/* End PBXBuildFile section */

/* Begin PBXFileReference section */
		1F68EB4514FC78FF00A40E39 /* TwitterExample.app */ = {isa = PBXFileReference; explicitFileType = wrapper.application; includeInIndex = 0; path = TwitterExample.app; sourceTree = BUILT_PRODUCTS_DIR; };
		1F68EB4914FC78FF00A40E39 /* UIKit.framework */ = {isa = PBXFileReference; lastKnownFileType = wrapper.framework; name = UIKit.framework; path = System/Library/Frameworks/UIKit.framework; sourceTree = SDKROOT; };
		1F68EB4B14FC78FF00A40E39 /* Foundation.framework */ = {isa = PBXFileReference; lastKnownFileType = wrapper.framework; name = Foundation.framework; path = System/Library/Frameworks/Foundation.framework; sourceTree = SDKROOT; };
		1F68EB4D14FC78FF00A40E39 /* CoreGraphics.framework */ = {isa = PBXFileReference; lastKnownFileType = wrapper.framework; name = CoreGraphics.framework; path = System/Library/Frameworks/CoreGraphics.framework; sourceTree = SDKROOT; };
		1F68EB5114FC78FF00A40E39 /* TwitterExample-Info.plist */ = {isa = PBXFileReference; lastKnownFileType = text.plist.xml; path = "TwitterExample-Info.plist"; sourceTree = "<group>"; };
		1F68EB5314FC78FF00A40E39 /* en */ = {isa = PBXFileReference; lastKnownFileType = text.plist.strings; name = en; path = en.lproj/InfoPlist.strings; sourceTree = "<group>"; };
		1F68EB5514FC78FF00A40E39 /* main.m */ = {isa = PBXFileReference; lastKnownFileType = sourcecode.c.objc; path = main.m; sourceTree = "<group>"; };
		1F68EB5714FC78FF00A40E39 /* TwitterExample-Prefix.pch */ = {isa = PBXFileReference; lastKnownFileType = sourcecode.c.h; path = "TwitterExample-Prefix.pch"; sourceTree = "<group>"; };
		1F68EB5814FC78FF00A40E39 /* LCTAppDelegate.h */ = {isa = PBXFileReference; lastKnownFileType = sourcecode.c.h; path = LCTAppDelegate.h; sourceTree = "<group>"; };
		1F68EB5914FC78FF00A40E39 /* LCTAppDelegate.m */ = {isa = PBXFileReference; lastKnownFileType = sourcecode.c.objc; path = LCTAppDelegate.m; sourceTree = "<group>"; };
		1F68EB6014FC79EC00A40E39 /* Accounts.framework */ = {isa = PBXFileReference; lastKnownFileType = wrapper.framework; name = Accounts.framework; path = System/Library/Frameworks/Accounts.framework; sourceTree = SDKROOT; };
		1F68EB6214FC79F100A40E39 /* Twitter.framework */ = {isa = PBXFileReference; lastKnownFileType = wrapper.framework; name = Twitter.framework; path = System/Library/Frameworks/Twitter.framework; sourceTree = SDKROOT; };
		1F68EB6414FC9B0B00A40E39 /* LCTTwitterController.h */ = {isa = PBXFileReference; fileEncoding = 4; lastKnownFileType = sourcecode.c.h; path = LCTTwitterController.h; sourceTree = "<group>"; };
		1F68EB6514FC9B0B00A40E39 /* LCTTwitterController.m */ = {isa = PBXFileReference; fileEncoding = 4; lastKnownFileType = sourcecode.c.objc; path = LCTTwitterController.m; sourceTree = "<group>"; };
		1F68EBAF14FCAAC700A40E39 /* LCTTimelineViewController.h */ = {isa = PBXFileReference; fileEncoding = 4; lastKnownFileType = sourcecode.c.h; path = LCTTimelineViewController.h; sourceTree = "<group>"; };
		1F68EBB014FCAAC700A40E39 /* LCTTimelineViewController.m */ = {isa = PBXFileReference; fileEncoding = 4; lastKnownFileType = sourcecode.c.objc; path = LCTTimelineViewController.m; sourceTree = "<group>"; };
/* End PBXFileReference section */

/* Begin PBXFrameworksBuildPhase section */
		1F68EB4214FC78FF00A40E39 /* Frameworks */ = {
			isa = PBXFrameworksBuildPhase;
			buildActionMask = 2147483647;
			files = (
				1F68EB6314FC79F100A40E39 /* Twitter.framework in Frameworks */,
				1F68EB6114FC79EC00A40E39 /* Accounts.framework in Frameworks */,
				1F68EB4A14FC78FF00A40E39 /* UIKit.framework in Frameworks */,
				1F68EB4C14FC78FF00A40E39 /* Foundation.framework in Frameworks */,
				1F68EB4E14FC78FF00A40E39 /* CoreGraphics.framework in Frameworks */,
			);
			runOnlyForDeploymentPostprocessing = 0;
		};
/* End PBXFrameworksBuildPhase section */

/* Begin PBXGroup section */
		1F68EB3A14FC78FF00A40E39 = {
			isa = PBXGroup;
			children = (
				1F68EB4F14FC78FF00A40E39 /* TwitterExample */,
				1F68EB4814FC78FF00A40E39 /* Frameworks */,
				1F68EB4614FC78FF00A40E39 /* Products */,
			);
			sourceTree = "<group>";
		};
		1F68EB4614FC78FF00A40E39 /* Products */ = {
			isa = PBXGroup;
			children = (
				1F68EB4514FC78FF00A40E39 /* TwitterExample.app */,
			);
			name = Products;
			sourceTree = "<group>";
		};
		1F68EB4814FC78FF00A40E39 /* Frameworks */ = {
			isa = PBXGroup;
			children = (
				1F68EB6014FC79EC00A40E39 /* Accounts.framework */,
				1F68EB4D14FC78FF00A40E39 /* CoreGraphics.framework */,
				1F68EB4B14FC78FF00A40E39 /* Foundation.framework */,
				1F68EB6214FC79F100A40E39 /* Twitter.framework */,
				1F68EB4914FC78FF00A40E39 /* UIKit.framework */,
			);
			name = Frameworks;
			sourceTree = "<group>";
		};
		1F68EB4F14FC78FF00A40E39 /* TwitterExample */ = {
			isa = PBXGroup;
			children = (
				1F68EB6414FC9B0B00A40E39 /* LCTTwitterController.h */,
				1F68EB6514FC9B0B00A40E39 /* LCTTwitterController.m */,
				1F68EBAF14FCAAC700A40E39 /* LCTTimelineViewController.h */,
				1F68EBB014FCAAC700A40E39 /* LCTTimelineViewController.m */,
				1F68EB5814FC78FF00A40E39 /* LCTAppDelegate.h */,
				1F68EB5914FC78FF00A40E39 /* LCTAppDelegate.m */,
				1F68EB5014FC78FF00A40E39 /* Supporting Files */,
			);
			path = TwitterExample;
			sourceTree = "<group>";
		};
		1F68EB5014FC78FF00A40E39 /* Supporting Files */ = {
			isa = PBXGroup;
			children = (
				1F68EB5114FC78FF00A40E39 /* TwitterExample-Info.plist */,
				1F68EB5214FC78FF00A40E39 /* InfoPlist.strings */,
				1F68EB5514FC78FF00A40E39 /* main.m */,
				1F68EB5714FC78FF00A40E39 /* TwitterExample-Prefix.pch */,
			);
			name = "Supporting Files";
			sourceTree = "<group>";
		};
/* End PBXGroup section */

/* Begin PBXNativeTarget section */
		1F68EB4414FC78FF00A40E39 /* TwitterExample */ = {
			isa = PBXNativeTarget;
			buildConfigurationList = 1F68EB5D14FC78FF00A40E39 /* Build configuration list for PBXNativeTarget "TwitterExample" */;
			buildPhases = (
				1F68EB4114FC78FF00A40E39 /* Sources */,
				1F68EB4214FC78FF00A40E39 /* Frameworks */,
				1F68EB4314FC78FF00A40E39 /* Resources */,
			);
			buildRules = (
			);
			dependencies = (
			);
			name = TwitterExample;
			productName = TwitterExample;
			productReference = 1F68EB4514FC78FF00A40E39 /* TwitterExample.app */;
			productType = "com.apple.product-type.application";
		};
/* End PBXNativeTarget section */

/* Begin PBXProject section */
		1F68EB3C14FC78FF00A40E39 /* Project object */ = {
			isa = PBXProject;
			attributes = {
				CLASSPREFIX = LCT;
				LastUpgradeCheck = 0430;
				ORGANIZATIONNAME = "Jeff Kelley";
			};
			buildConfigurationList = 1F68EB3F14FC78FF00A40E39 /* Build configuration list for PBXProject "TwitterExample" */;
			compatibilityVersion = "Xcode 3.2";
			developmentRegion = English;
			hasScannedForEncodings = 0;
			knownRegions = (
				en,
			);
			mainGroup = 1F68EB3A14FC78FF00A40E39;
			productRefGroup = 1F68EB4614FC78FF00A40E39 /* Products */;
			projectDirPath = "";
			projectRoot = "";
			targets = (
				1F68EB4414FC78FF00A40E39 /* TwitterExample */,
			);
		};
/* End PBXProject section */

/* Begin PBXResourcesBuildPhase section */
		1F68EB4314FC78FF00A40E39 /* Resources */ = {
			isa = PBXResourcesBuildPhase;
			buildActionMask = 2147483647;
			files = (
				1F68EB5414FC78FF00A40E39 /* InfoPlist.strings in Resources */,
			);
			runOnlyForDeploymentPostprocessing = 0;
		};
/* End PBXResourcesBuildPhase section */

/* Begin PBXSourcesBuildPhase section */
		1F68EB4114FC78FF00A40E39 /* Sources */ = {
			isa = PBXSourcesBuildPhase;
			buildActionMask = 2147483647;
			files = (
				1F68EB5614FC78FF00A40E39 /* main.m in Sources */,
				1F68EB5A14FC78FF00A40E39 /* LCTAppDelegate.m in Sources */,
				1F68EB6614FC9B0B00A40E39 /* LCTTwitterController.m in Sources */,
				1F68EBB114FCAAC700A40E39 /* LCTTimelineViewController.m in Sources */,
			);
			runOnlyForDeploymentPostprocessing = 0;
		};
/* End PBXSourcesBuildPhase section */

/* Begin PBXVariantGroup section */
		1F68EB5214FC78FF00A40E39 /* InfoPlist.strings */ = {
			isa = PBXVariantGroup;
			children = (
				1F68EB5314FC78FF00A40E39 /* en */,
			);
			name = InfoPlist.strings;
			sourceTree = "<group>";
		};
/* End PBXVariantGroup section */

/* Begin XCBuildConfiguration section */
		1F68EB5B14FC78FF00A40E39 /* Debug */ = {
			isa = XCBuildConfiguration;
			buildSettings = {
				ALWAYS_SEARCH_USER_PATHS = NO;
				ARCHS = "$(ARCHS_STANDARD_32_BIT)";
				CLANG_ENABLE_OBJC_ARC = YES;
				"CODE_SIGN_IDENTITY[sdk=iphoneos*]" = "iPhone Developer";
				COPY_PHASE_STRIP = NO;
				GCC_C_LANGUAGE_STANDARD = gnu99;
				GCC_DYNAMIC_NO_PIC = NO;
				GCC_OPTIMIZATION_LEVEL = 0;
				GCC_PREPROCESSOR_DEFINITIONS = (
					"DEBUG=1",
					"$(inherited)",
				);
				GCC_SYMBOLS_PRIVATE_EXTERN = NO;
				GCC_VERSION = com.apple.compilers.llvm.clang.1_0;
				GCC_WARN_ABOUT_RETURN_TYPE = YES;
				GCC_WARN_UNINITIALIZED_AUTOS = YES;
				GCC_WARN_UNUSED_VARIABLE = YES;
				IPHONEOS_DEPLOYMENT_TARGET = 5.0;
				SDKROOT = iphoneos;
			};
			name = Debug;
		};
		1F68EB5C14FC78FF00A40E39 /* Release */ = {
			isa = XCBuildConfiguration;
			buildSettings = {
				ALWAYS_SEARCH_USER_PATHS = NO;
				ARCHS = "$(ARCHS_STANDARD_32_BIT)";
				CLANG_ENABLE_OBJC_ARC = YES;
				"CODE_SIGN_IDENTITY[sdk=iphoneos*]" = "iPhone Developer";
				COPY_PHASE_STRIP = YES;
				GCC_C_LANGUAGE_STANDARD = gnu99;
				GCC_VERSION = com.apple.compilers.llvm.clang.1_0;
				GCC_WARN_ABOUT_RETURN_TYPE = YES;
				GCC_WARN_UNINITIALIZED_AUTOS = YES;
				GCC_WARN_UNUSED_VARIABLE = YES;
				IPHONEOS_DEPLOYMENT_TARGET = 5.0;
				OTHER_CFLAGS = "-DNS_BLOCK_ASSERTIONS=1";
				SDKROOT = iphoneos;
				VALIDATE_PRODUCT = YES;
			};
			name = Release;
		};
		1F68EB5E14FC78FF00A40E39 /* Debug */ = {
			isa = XCBuildConfiguration;
			buildSettings = {
				GCC_PRECOMPILE_PREFIX_HEADER = YES;
				GCC_PREFIX_HEADER = "TwitterExample/TwitterExample-Prefix.pch";
				INFOPLIST_FILE = "TwitterExample/TwitterExample-Info.plist";
				PRODUCT_NAME = "$(TARGET_NAME)";
				WRAPPER_EXTENSION = app;
			};
			name = Debug;
		};
		1F68EB5F14FC78FF00A40E39 /* Release */ = {
			isa = XCBuildConfiguration;
			buildSettings = {
				GCC_PRECOMPILE_PREFIX_HEADER = YES;
				GCC_PREFIX_HEADER = "TwitterExample/TwitterExample-Prefix.pch";
				INFOPLIST_FILE = "TwitterExample/TwitterExample-Info.plist";
				PRODUCT_NAME = "$(TARGET_NAME)";
				WRAPPER_EXTENSION = app;
			};
			name = Release;
		};
/* End XCBuildConfiguration section */

/* Begin XCConfigurationList section */
		1F68EB3F14FC78FF00A40E39 /* Build configuration list for PBXProject "TwitterExample" */ = {
			isa = XCConfigurationList;
			buildConfigurations = (
				1F68EB5B14FC78FF00A40E39 /* Debug */,
				1F68EB5C14FC78FF00A40E39 /* Release */,
			);
			defaultConfigurationIsVisible = 0;
			defaultConfigurationName = Release;
		};
		1F68EB5D14FC78FF00A40E39 /* Build configuration list for PBXNativeTarget "TwitterExample" */ = {
			isa = XCConfigurationList;
			buildConfigurations = (
				1F68EB5E14FC78FF00A40E39 /* Debug */,
				1F68EB5F14FC78FF00A40E39 /* Release */,
			);
			defaultConfigurationIsVisible = 0;
			defaultConfigurationName = Release;
		};
/* End XCConfigurationList section */
	};
	rootObject = 1F68EB3C14FC78FF00A40E39 /* Project object */;
}
