// !$*UTF8*$!
{
	archiveVersion = 1;
	classes = {
	};
	objectVersion = 46;
	objects = {

/* Begin PBXBuildFile section */
		1FD66C6B152183CD002C53CB /* UIKit.framework in Frameworks */ = {isa = PBXBuildFile; fileRef = 1FD66C6A152183CD002C53CB /* UIKit.framework */; };
		1FD66C6D152183CD002C53CB /* Foundation.framework in Frameworks */ = {isa = PBXBuildFile; fileRef = 1FD66C6C152183CD002C53CB /* Foundation.framework */; };
		1FD66C6F152183CD002C53CB /* CoreGraphics.framework in Frameworks */ = {isa = PBXBuildFile; fileRef = 1FD66C6E152183CD002C53CB /* CoreGraphics.framework */; };
		1FD66C75152183CD002C53CB /* InfoPlist.strings in Resources */ = {isa = PBXBuildFile; fileRef = 1FD66C73152183CD002C53CB /* InfoPlist.strings */; };
		1FD66C77152183CD002C53CB /* main.m in Sources */ = {isa = PBXBuildFile; fileRef = 1FD66C76152183CD002C53CB /* main.m */; };
		1FD66C7B152183CD002C53CB /* LCTAppDelegate.m in Sources */ = {isa = PBXBuildFile; fileRef = 1FD66C7A152183CD002C53CB /* LCTAppDelegate.m */; };
		1FD66C7E152183CD002C53CB /* LCTViewController.m in Sources */ = {isa = PBXBuildFile; fileRef = 1FD66C7D152183CD002C53CB /* LCTViewController.m */; };
		1FD66C81152183CD002C53CB /* LCTViewController_iPhone.xib in Resources */ = {isa = PBXBuildFile; fileRef = 1FD66C7F152183CD002C53CB /* LCTViewController_iPhone.xib */; };
		1FD66C84152183CD002C53CB /* LCTViewController_iPad.xib in Resources */ = {isa = PBXBuildFile; fileRef = 1FD66C82152183CD002C53CB /* LCTViewController_iPad.xib */; };
/* End PBXBuildFile section */

/* Begin PBXFileReference section */
		1FD66C66152183CD002C53CB /* RedditSlideshow.app */ = {isa = PBXFileReference; explicitFileType = wrapper.application; includeInIndex = 0; path = RedditSlideshow.app; sourceTree = BUILT_PRODUCTS_DIR; };
		1FD66C6A152183CD002C53CB /* UIKit.framework */ = {isa = PBXFileReference; lastKnownFileType = wrapper.framework; name = UIKit.framework; path = System/Library/Frameworks/UIKit.framework; sourceTree = SDKROOT; };
		1FD66C6C152183CD002C53CB /* Foundation.framework */ = {isa = PBXFileReference; lastKnownFileType = wrapper.framework; name = Foundation.framework; path = System/Library/Frameworks/Foundation.framework; sourceTree = SDKROOT; };
		1FD66C6E152183CD002C53CB /* CoreGraphics.framework */ = {isa = PBXFileReference; lastKnownFileType = wrapper.framework; name = CoreGraphics.framework; path = System/Library/Frameworks/CoreGraphics.framework; sourceTree = SDKROOT; };
		1FD66C72152183CD002C53CB /* RedditSlideshow-Info.plist */ = {isa = PBXFileReference; lastKnownFileType = text.plist.xml; path = "RedditSlideshow-Info.plist"; sourceTree = "<group>"; };
		1FD66C74152183CD002C53CB /* en */ = {isa = PBXFileReference; lastKnownFileType = text.plist.strings; name = en; path = en.lproj/InfoPlist.strings; sourceTree = "<group>"; };
		1FD66C76152183CD002C53CB /* main.m */ = {isa = PBXFileReference; lastKnownFileType = sourcecode.c.objc; path = main.m; sourceTree = "<group>"; };
		1FD66C78152183CD002C53CB /* RedditSlideshow-Prefix.pch */ = {isa = PBXFileReference; lastKnownFileType = sourcecode.c.h; path = "RedditSlideshow-Prefix.pch"; sourceTree = "<group>"; };
		1FD66C79152183CD002C53CB /* LCTAppDelegate.h */ = {isa = PBXFileReference; lastKnownFileType = sourcecode.c.h; path = LCTAppDelegate.h; sourceTree = "<group>"; };
		1FD66C7A152183CD002C53CB /* LCTAppDelegate.m */ = {isa = PBXFileReference; lastKnownFileType = sourcecode.c.objc; path = LCTAppDelegate.m; sourceTree = "<group>"; };
		1FD66C7C152183CD002C53CB /* LCTViewController.h */ = {isa = PBXFileReference; lastKnownFileType = sourcecode.c.h; path = LCTViewController.h; sourceTree = "<group>"; };
		1FD66C7D152183CD002C53CB /* LCTViewController.m */ = {isa = PBXFileReference; lastKnownFileType = sourcecode.c.objc; path = LCTViewController.m; sourceTree = "<group>"; };
		1FD66C80152183CD002C53CB /* en */ = {isa = PBXFileReference; lastKnownFileType = file.xib; name = en; path = en.lproj/LCTViewController_iPhone.xib; sourceTree = "<group>"; };
		1FD66C83152183CD002C53CB /* en */ = {isa = PBXFileReference; lastKnownFileType = file.xib; name = en; path = en.lproj/LCTViewController_iPad.xib; sourceTree = "<group>"; };
/* End PBXFileReference section */

/* Begin PBXFrameworksBuildPhase section */
		1FD66C63152183CD002C53CB /* Frameworks */ = {
			isa = PBXFrameworksBuildPhase;
			buildActionMask = 2147483647;
			files = (
				1FD66C6B152183CD002C53CB /* UIKit.framework in Frameworks */,
				1FD66C6D152183CD002C53CB /* Foundation.framework in Frameworks */,
				1FD66C6F152183CD002C53CB /* CoreGraphics.framework in Frameworks */,
			);
			runOnlyForDeploymentPostprocessing = 0;
		};
/* End PBXFrameworksBuildPhase section */

/* Begin PBXGroup section */
		1FD66C5B152183CD002C53CB = {
			isa = PBXGroup;
			children = (
				1FD66C70152183CD002C53CB /* RedditSlideshow */,
				1FD66C69152183CD002C53CB /* Frameworks */,
				1FD66C67152183CD002C53CB /* Products */,
			);
			sourceTree = "<group>";
		};
		1FD66C67152183CD002C53CB /* Products */ = {
			isa = PBXGroup;
			children = (
				1FD66C66152183CD002C53CB /* RedditSlideshow.app */,
			);
			name = Products;
			sourceTree = "<group>";
		};
		1FD66C69152183CD002C53CB /* Frameworks */ = {
			isa = PBXGroup;
			children = (
				1FD66C6A152183CD002C53CB /* UIKit.framework */,
				1FD66C6C152183CD002C53CB /* Foundation.framework */,
				1FD66C6E152183CD002C53CB /* CoreGraphics.framework */,
			);
			name = Frameworks;
			sourceTree = "<group>";
		};
		1FD66C70152183CD002C53CB /* RedditSlideshow */ = {
			isa = PBXGroup;
			children = (
				1FD66C79152183CD002C53CB /* LCTAppDelegate.h */,
				1FD66C7A152183CD002C53CB /* LCTAppDelegate.m */,
				1FD66C7C152183CD002C53CB /* LCTViewController.h */,
				1FD66C7D152183CD002C53CB /* LCTViewController.m */,
				1FD66C7F152183CD002C53CB /* LCTViewController_iPhone.xib */,
				1FD66C82152183CD002C53CB /* LCTViewController_iPad.xib */,
				1FD66C71152183CD002C53CB /* Supporting Files */,
			);
			path = RedditSlideshow;
			sourceTree = "<group>";
		};
		1FD66C71152183CD002C53CB /* Supporting Files */ = {
			isa = PBXGroup;
			children = (
				1FD66C72152183CD002C53CB /* RedditSlideshow-Info.plist */,
				1FD66C73152183CD002C53CB /* InfoPlist.strings */,
				1FD66C76152183CD002C53CB /* main.m */,
				1FD66C78152183CD002C53CB /* RedditSlideshow-Prefix.pch */,
			);
			name = "Supporting Files";
			sourceTree = "<group>";
		};
/* End PBXGroup section */

/* Begin PBXNativeTarget section */
		1FD66C65152183CD002C53CB /* RedditSlideshow */ = {
			isa = PBXNativeTarget;
			buildConfigurationList = 1FD66C87152183CD002C53CB /* Build configuration list for PBXNativeTarget "RedditSlideshow" */;
			buildPhases = (
				1FD66C62152183CD002C53CB /* Sources */,
				1FD66C63152183CD002C53CB /* Frameworks */,
				1FD66C64152183CD002C53CB /* Resources */,
			);
			buildRules = (
			);
			dependencies = (
			);
			name = RedditSlideshow;
			productName = RedditSlideshow;
			productReference = 1FD66C66152183CD002C53CB /* RedditSlideshow.app */;
			productType = "com.apple.product-type.application";
		};
/* End PBXNativeTarget section */

/* Begin PBXProject section */
		1FD66C5D152183CD002C53CB /* Project object */ = {
			isa = PBXProject;
			attributes = {
				CLASSPREFIX = LCT;
				LastUpgradeCheck = 0430;
				ORGANIZATIONNAME = "Jeff Kelley";
			};
			buildConfigurationList = 1FD66C60152183CD002C53CB /* Build configuration list for PBXProject "RedditSlideshow" */;
			compatibilityVersion = "Xcode 3.2";
			developmentRegion = English;
			hasScannedForEncodings = 0;
			knownRegions = (
				en,
			);
			mainGroup = 1FD66C5B152183CD002C53CB;
			productRefGroup = 1FD66C67152183CD002C53CB /* Products */;
			projectDirPath = "";
			projectRoot = "";
			targets = (
				1FD66C65152183CD002C53CB /* RedditSlideshow */,
			);
		};
/* End PBXProject section */

/* Begin PBXResourcesBuildPhase section */
		1FD66C64152183CD002C53CB /* Resources */ = {
			isa = PBXResourcesBuildPhase;
			buildActionMask = 2147483647;
			files = (
				1FD66C75152183CD002C53CB /* InfoPlist.strings in Resources */,
				1FD66C81152183CD002C53CB /* LCTViewController_iPhone.xib in Resources */,
				1FD66C84152183CD002C53CB /* LCTViewController_iPad.xib in Resources */,
			);
			runOnlyForDeploymentPostprocessing = 0;
		};
/* End PBXResourcesBuildPhase section */

/* Begin PBXSourcesBuildPhase section */
		1FD66C62152183CD002C53CB /* Sources */ = {
			isa = PBXSourcesBuildPhase;
			buildActionMask = 2147483647;
			files = (
				1FD66C77152183CD002C53CB /* main.m in Sources */,
				1FD66C7B152183CD002C53CB /* LCTAppDelegate.m in Sources */,
				1FD66C7E152183CD002C53CB /* LCTViewController.m in Sources */,
			);
			runOnlyForDeploymentPostprocessing = 0;
		};
/* End PBXSourcesBuildPhase section */

/* Begin PBXVariantGroup section */
		1FD66C73152183CD002C53CB /* InfoPlist.strings */ = {
			isa = PBXVariantGroup;
			children = (
				1FD66C74152183CD002C53CB /* en */,
			);
			name = InfoPlist.strings;
			sourceTree = "<group>";
		};
		1FD66C7F152183CD002C53CB /* LCTViewController_iPhone.xib */ = {
			isa = PBXVariantGroup;
			children = (
				1FD66C80152183CD002C53CB /* en */,
			);
			name = LCTViewController_iPhone.xib;
			sourceTree = "<group>";
		};
		1FD66C82152183CD002C53CB /* LCTViewController_iPad.xib */ = {
			isa = PBXVariantGroup;
			children = (
				1FD66C83152183CD002C53CB /* en */,
			);
			name = LCTViewController_iPad.xib;
			sourceTree = "<group>";
		};
/* End PBXVariantGroup section */

/* Begin XCBuildConfiguration section */
		1FD66C85152183CD002C53CB /* Debug */ = {
			isa = XCBuildConfiguration;
			buildSettings = {
				ALWAYS_SEARCH_USER_PATHS = NO;
				ARCHS = "$(ARCHS_STANDARD_32_BIT)";
				CLANG_ENABLE_OBJC_ARC = YES;
				"CODE_SIGN_IDENTITY[sdk=iphoneos*]" = "iPhone Developer";
				COPY_PHASE_STRIP = NO;
				GCC_C_LANGUAGE_STANDARD = gnu99;
				GCC_DYNAMIC_NO_PIC = NO;
				GCC_OPTIMIZATION_LEVEL = 0;
				GCC_PREPROCESSOR_DEFINITIONS = (
					"DEBUG=1",
					"$(inherited)",
				);
				GCC_SYMBOLS_PRIVATE_EXTERN = NO;
				GCC_VERSION = com.apple.compilers.llvm.clang.1_0;
				GCC_WARN_ABOUT_RETURN_TYPE = YES;
				GCC_WARN_UNINITIALIZED_AUTOS = YES;
				GCC_WARN_UNUSED_VARIABLE = YES;
				IPHONEOS_DEPLOYMENT_TARGET = 5.1;
				SDKROOT = iphoneos;
				TARGETED_DEVICE_FAMILY = "1,2";
			};
			name = Debug;
		};
		1FD66C86152183CD002C53CB /* Release */ = {
			isa = XCBuildConfiguration;
			buildSettings = {
				ALWAYS_SEARCH_USER_PATHS = NO;
				ARCHS = "$(ARCHS_STANDARD_32_BIT)";
				CLANG_ENABLE_OBJC_ARC = YES;
				"CODE_SIGN_IDENTITY[sdk=iphoneos*]" = "iPhone Developer";
				COPY_PHASE_STRIP = YES;
				GCC_C_LANGUAGE_STANDARD = gnu99;
				GCC_VERSION = com.apple.compilers.llvm.clang.1_0;
				GCC_WARN_ABOUT_RETURN_TYPE = YES;
				GCC_WARN_UNINITIALIZED_AUTOS = YES;
				GCC_WARN_UNUSED_VARIABLE = YES;
				IPHONEOS_DEPLOYMENT_TARGET = 5.1;
				OTHER_CFLAGS = "-DNS_BLOCK_ASSERTIONS=1";
				SDKROOT = iphoneos;
				TARGETED_DEVICE_FAMILY = "1,2";
				VALIDATE_PRODUCT = YES;
			};
			name = Release;
		};
		1FD66C88152183CD002C53CB /* Debug */ = {
			isa = XCBuildConfiguration;
			buildSettings = {
				GCC_PRECOMPILE_PREFIX_HEADER = YES;
				GCC_PREFIX_HEADER = "RedditSlideshow/RedditSlideshow-Prefix.pch";
				INFOPLIST_FILE = "RedditSlideshow/RedditSlideshow-Info.plist";
				PRODUCT_NAME = "$(TARGET_NAME)";
				WRAPPER_EXTENSION = app;
			};
			name = Debug;
		};
		1FD66C89152183CD002C53CB /* Release */ = {
			isa = XCBuildConfiguration;
			buildSettings = {
				GCC_PRECOMPILE_PREFIX_HEADER = YES;
				GCC_PREFIX_HEADER = "RedditSlideshow/RedditSlideshow-Prefix.pch";
				INFOPLIST_FILE = "RedditSlideshow/RedditSlideshow-Info.plist";
				PRODUCT_NAME = "$(TARGET_NAME)";
				WRAPPER_EXTENSION = app;
			};
			name = Release;
		};
/* End XCBuildConfiguration section */

/* Begin XCConfigurationList section */
		1FD66C60152183CD002C53CB /* Build configuration list for PBXProject "RedditSlideshow" */ = {
			isa = XCConfigurationList;
			buildConfigurations = (
				1FD66C85152183CD002C53CB /* Debug */,
				1FD66C86152183CD002C53CB /* Release */,
			);
			defaultConfigurationIsVisible = 0;
			defaultConfigurationName = Release;
		};
		1FD66C87152183CD002C53CB /* Build configuration list for PBXNativeTarget "RedditSlideshow" */ = {
			isa = XCConfigurationList;
			buildConfigurations = (
				1FD66C88152183CD002C53CB /* Debug */,
				1FD66C89152183CD002C53CB /* Release */,
			);
			defaultConfigurationIsVisible = 0;
		};
/* End XCConfigurationList section */
	};
	rootObject = 1FD66C5D152183CD002C53CB /* Project object */;
}
